
Microsoft Visual Studio Solution File, Format Version 12.00
# Visual Studio Version 16
VisualStudioVersion = 16.0.30503.244
MinimumVisualStudioVersion = 10.0.40219.1
Project("{FAE04EC0-301F-11D3-BF4B-00C04F79EFBC}") = "Practica3.1", "Practica3.1\Practica3.1.csproj", "{D22DB4B1-F7A7-478C-84AA-0F68A51BC774}"
EndProject
Global
	GlobalSection(SolutionConfigurationPlatforms) = preSolution
		Debug|Any CPU = Debug|Any CPU
		Release|Any CPU = Release|Any CPU
	EndGlobalSection
	GlobalSection(ProjectConfigurationPlatforms) = postSolution
		{D22DB4B1-F7A7-478C-84AA-0F68A51BC774}.Debug|Any CPU.ActiveCfg = Debug|Any CPU
		{D22DB4B1-F7A7-478C-84AA-0F68A51BC774}.Debug|Any CPU.Build.0 = Debug|Any CPU
		{D22DB4B1-F7A7-478C-84AA-0F68A51BC774}.Release|Any CPU.ActiveCfg = Release|Any CPU
		{D22DB4B1-F7A7-478C-84AA-0F68A51BC774}.Release|Any CPU.Build.0 = Release|Any CPU
	EndGlobalSection
	GlobalSection(SolutionProperties) = preSolution
		HideSolutionNode = FALSE
	EndGlobalSection
	GlobalSection(ExtensibilityGlobals) = postSolution
		SolutionGuid = {A52FA892-AB34-43BC-BCA3-04595463F3EC}
	EndGlobalSection
EndGlobal
