
Microsoft Visual Studio Solution File, Format Version 12.00
# Visual Studio Version 16
VisualStudioVersion = 16.0.30503.244
MinimumVisualStudioVersion = 10.0.40219.1
Project("{FAE04EC0-301F-11D3-BF4B-00C04F79EFBC}") = "EjercicioMetodoClaseBase", "EjercicioMetodoClaseBase\EjercicioMetodoClaseBase.csproj", "{95F1E608-786E-49D6-B876-DEB3E2838F68}"
EndProject
Global
	GlobalSection(SolutionConfigurationPlatforms) = preSolution
		Debug|Any CPU = Debug|Any CPU
		Release|Any CPU = Release|Any CPU
	EndGlobalSection
	GlobalSection(ProjectConfigurationPlatforms) = postSolution
		{95F1E608-786E-49D6-B876-DEB3E2838F68}.Debug|Any CPU.ActiveCfg = Debug|Any CPU
		{95F1E608-786E-49D6-B876-DEB3E2838F68}.Debug|Any CPU.Build.0 = Debug|Any CPU
		{95F1E608-786E-49D6-B876-DEB3E2838F68}.Release|Any CPU.ActiveCfg = Release|Any CPU
		{95F1E608-786E-49D6-B876-DEB3E2838F68}.Release|Any CPU.Build.0 = Release|Any CPU
	EndGlobalSection
	GlobalSection(SolutionProperties) = preSolution
		HideSolutionNode = FALSE
	EndGlobalSection
	GlobalSection(ExtensibilityGlobals) = postSolution
		SolutionGuid = {55D615E8-876C-41E6-AF11-3BBE9CA7ACE5}
	EndGlobalSection
EndGlobal
