
Microsoft Visual Studio Solution File, Format Version 12.00
# Visual Studio Version 16
VisualStudioVersion = 16.0.30503.244
MinimumVisualStudioVersion = 10.0.40219.1
Project("{FAE04EC0-301F-11D3-BF4B-00C04F79EFBC}") = "Practica 3.2", "Practica 3.2.csproj", "{C3B2507F-5C67-403B-B699-9E32526CFC82}"
EndProject
Global
	GlobalSection(SolutionConfigurationPlatforms) = preSolution
		Debug|Any CPU = Debug|Any CPU
		Release|Any CPU = Release|Any CPU
	EndGlobalSection
	GlobalSection(ProjectConfigurationPlatforms) = postSolution
		{C3B2507F-5C67-403B-B699-9E32526CFC82}.Debug|Any CPU.ActiveCfg = Debug|Any CPU
		{C3B2507F-5C67-403B-B699-9E32526CFC82}.Debug|Any CPU.Build.0 = Debug|Any CPU
		{C3B2507F-5C67-403B-B699-9E32526CFC82}.Release|Any CPU.ActiveCfg = Release|Any CPU
		{C3B2507F-5C67-403B-B699-9E32526CFC82}.Release|Any CPU.Build.0 = Release|Any CPU
	EndGlobalSection
	GlobalSection(SolutionProperties) = preSolution
		HideSolutionNode = FALSE
	EndGlobalSection
	GlobalSection(ExtensibilityGlobals) = postSolution
		SolutionGuid = {A91735E1-2A7F-4C14-BB97-999187A3031F}
	EndGlobalSection
EndGlobal
